// !$*UTF8*$!
{
	archiveVersion = 1;
	classes = {
	};
	objectVersion = 56;
	objects = {

/* Begin PBXBuildFile section */
		EF04E5432C147A5D003F798A /* KeyGenerator.swift in Sources */ = {isa = PBXBuildFile; fileRef = EF04E5422C147A5D003F798A /* KeyGenerator.swift */; };
		EF04E5452C147A83003F798A /* Cipher.swift in Sources */ = {isa = PBXBuildFile; fileRef = EF04E5442C147A83003F798A /* Cipher.swift */; };
		EF67E4AE2C12330100991745 /* FirebaseManager.swift in Sources */ = {isa = PBXBuildFile; fileRef = EF67E4AD2C12330100991745 /* FirebaseManager.swift */; };
		EF67E4B12C123A9400991745 /* SDWebImageSwiftUI in Frameworks */ = {isa = PBXBuildFile; productRef = EF67E4B02C123A9400991745 /* SDWebImageSwiftUI */; };
		EF9CC0A52C11DC0E00E6C1AB /* FirebaseAuth in Frameworks */ = {isa = PBXBuildFile; productRef = EF9CC0A42C11DC0E00E6C1AB /* FirebaseAuth */; };
		EF9CC0A72C11DC0E00E6C1AB /* FirebaseFirestore in Frameworks */ = {isa = PBXBuildFile; productRef = EF9CC0A62C11DC0E00E6C1AB /* FirebaseFirestore */; };
		EF9CC0A92C11DC0E00E6C1AB /* FirebaseStorage in Frameworks */ = {isa = PBXBuildFile; productRef = EF9CC0A82C11DC0E00E6C1AB /* FirebaseStorage */; };
		EF9CC0AC2C11E63100E6C1AB /* MainScreenView.swift in Sources */ = {isa = PBXBuildFile; fileRef = EF9CC0AB2C11E63100E6C1AB /* MainScreenView.swift */; };
		EFB3D6C32C11A0EF0030F52E /* ChatAppApp.swift in Sources */ = {isa = PBXBuildFile; fileRef = EFB3D6C22C11A0EF0030F52E /* ChatAppApp.swift */; };
		EFB3D6C52C11A0EF0030F52E /* AuthView.swift in Sources */ = {isa = PBXBuildFile; fileRef = EFB3D6C42C11A0EF0030F52E /* AuthView.swift */; };
		EFB3D6C72C11A0F20030F52E /* Assets.xcassets in Resources */ = {isa = PBXBuildFile; fileRef = EFB3D6C62C11A0F20030F52E /* Assets.xcassets */; };
		EFB3D6CA2C11A0F20030F52E /* Preview Assets.xcassets in Resources */ = {isa = PBXBuildFile; fileRef = EFB3D6C92C11A0F20030F52E /* Preview Assets.xcassets */; };
		EFB3D6D62C11B13B0030F52E /* GoogleService-Info.plist in Resources */ = {isa = PBXBuildFile; fileRef = EFB3D6D52C11B13A0030F52E /* GoogleService-Info.plist */; };
		EFCB0D9B2C144BB20026E98F /* AuthViewModel.swift in Sources */ = {isa = PBXBuildFile; fileRef = EFCB0D9A2C144BB20026E98F /* AuthViewModel.swift */; };
		EFCB0D9E2C144D6D0026E98F /* MainMessageViewModel.swift in Sources */ = {isa = PBXBuildFile; fileRef = EFCB0D9D2C144D6D0026E98F /* MainMessageViewModel.swift */; };
		EFCB0DA12C14529B0026E98F /* NewMessageViewModel.swift in Sources */ = {isa = PBXBuildFile; fileRef = EFCB0DA02C14529B0026E98F /* NewMessageViewModel.swift */; };
		EFCB0DA32C1457480026E98F /* FirebaseConstants.swift in Sources */ = {isa = PBXBuildFile; fileRef = EFCB0DA22C1457470026E98F /* FirebaseConstants.swift */; };
		EFCB0DA52C1457940026E98F /* ChatMessage.swift in Sources */ = {isa = PBXBuildFile; fileRef = EFCB0DA42C1457940026E98F /* ChatMessage.swift */; };
		EFCB0DA72C1457B20026E98F /* ChatViewModel.swift in Sources */ = {isa = PBXBuildFile; fileRef = EFCB0DA62C1457B20026E98F /* ChatViewModel.swift */; };
		EFEC30022C12F06600DB8F36 /* ChatUser.swift in Sources */ = {isa = PBXBuildFile; fileRef = EFEC30012C12F06600DB8F36 /* ChatUser.swift */; };
		EFEC30052C12F29700DB8F36 /* NewMessageView.swift in Sources */ = {isa = PBXBuildFile; fileRef = EFEC30042C12F29700DB8F36 /* NewMessageView.swift */; };
		EFEC30082C13080F00DB8F36 /* ChatView.swift in Sources */ = {isa = PBXBuildFile; fileRef = EFEC30072C13080F00DB8F36 /* ChatView.swift */; };
		EFEC300A2C13754600DB8F36 /* LastMessage.swift in Sources */ = {isa = PBXBuildFile; fileRef = EFEC30092C13754600DB8F36 /* LastMessage.swift */; };
/* End PBXBuildFile section */

/* Begin PBXFileReference section */
		EF04E5422C147A5D003F798A /* KeyGenerator.swift */ = {isa = PBXFileReference; lastKnownFileType = sourcecode.swift; path = KeyGenerator.swift; sourceTree = "<group>"; };
		EF04E5442C147A83003F798A /* Cipher.swift */ = {isa = PBXFileReference; lastKnownFileType = sourcecode.swift; path = Cipher.swift; sourceTree = "<group>"; };
		EF67E4AD2C12330100991745 /* FirebaseManager.swift */ = {isa = PBXFileReference; lastKnownFileType = sourcecode.swift; path = FirebaseManager.swift; sourceTree = "<group>"; };
		EF9CC0AB2C11E63100E6C1AB /* MainScreenView.swift */ = {isa = PBXFileReference; lastKnownFileType = sourcecode.swift; path = MainScreenView.swift; sourceTree = "<group>"; };
		EFB3D6BF2C11A0EF0030F52E /* ChatApp.app */ = {isa = PBXFileReference; explicitFileType = wrapper.application; includeInIndex = 0; path = ChatApp.app; sourceTree = BUILT_PRODUCTS_DIR; };
		EFB3D6C22C11A0EF0030F52E /* ChatAppApp.swift */ = {isa = PBXFileReference; lastKnownFileType = sourcecode.swift; path = ChatAppApp.swift; sourceTree = "<group>"; };
		EFB3D6C42C11A0EF0030F52E /* AuthView.swift */ = {isa = PBXFileReference; lastKnownFileType = sourcecode.swift; path = AuthView.swift; sourceTree = "<group>"; };
		EFB3D6C62C11A0F20030F52E /* Assets.xcassets */ = {isa = PBXFileReference; lastKnownFileType = folder.assetcatalog; path = Assets.xcassets; sourceTree = "<group>"; };
		EFB3D6C92C11A0F20030F52E /* Preview Assets.xcassets */ = {isa = PBXFileReference; lastKnownFileType = folder.assetcatalog; path = "Preview Assets.xcassets"; sourceTree = "<group>"; };
		EFB3D6D52C11B13A0030F52E /* GoogleService-Info.plist */ = {isa = PBXFileReference; fileEncoding = 4; lastKnownFileType = text.plist.xml; name = "GoogleService-Info.plist"; path = "../../../Downloads/GoogleService-Info.plist"; sourceTree = "<group>"; };
		EFCB0D9A2C144BB20026E98F /* AuthViewModel.swift */ = {isa = PBXFileReference; lastKnownFileType = sourcecode.swift; path = AuthViewModel.swift; sourceTree = "<group>"; };
		EFCB0D9D2C144D6D0026E98F /* MainMessageViewModel.swift */ = {isa = PBXFileReference; lastKnownFileType = sourcecode.swift; path = MainMessageViewModel.swift; sourceTree = "<group>"; };
		EFCB0DA02C14529B0026E98F /* NewMessageViewModel.swift */ = {isa = PBXFileReference; lastKnownFileType = sourcecode.swift; path = NewMessageViewModel.swift; sourceTree = "<group>"; };
		EFCB0DA22C1457470026E98F /* FirebaseConstants.swift */ = {isa = PBXFileReference; lastKnownFileType = sourcecode.swift; path = FirebaseConstants.swift; sourceTree = "<group>"; };
		EFCB0DA42C1457940026E98F /* ChatMessage.swift */ = {isa = PBXFileReference; lastKnownFileType = sourcecode.swift; path = ChatMessage.swift; sourceTree = "<group>"; };
		EFCB0DA62C1457B20026E98F /* ChatViewModel.swift */ = {isa = PBXFileReference; lastKnownFileType = sourcecode.swift; path = ChatViewModel.swift; sourceTree = "<group>"; };
		EFEC30012C12F06600DB8F36 /* ChatUser.swift */ = {isa = PBXFileReference; lastKnownFileType = sourcecode.swift; path = ChatUser.swift; sourceTree = "<group>"; };
		EFEC30042C12F29700DB8F36 /* NewMessageView.swift */ = {isa = PBXFileReference; lastKnownFileType = sourcecode.swift; path = NewMessageView.swift; sourceTree = "<group>"; };
		EFEC30072C13080F00DB8F36 /* ChatView.swift */ = {isa = PBXFileReference; lastKnownFileType = sourcecode.swift; path = ChatView.swift; sourceTree = "<group>"; };
		EFEC30092C13754600DB8F36 /* LastMessage.swift */ = {isa = PBXFileReference; lastKnownFileType = sourcecode.swift; path = LastMessage.swift; sourceTree = "<group>"; };
/* End PBXFileReference section */

/* Begin PBXFrameworksBuildPhase section */
		EFB3D6BC2C11A0EF0030F52E /* Frameworks */ = {
			isa = PBXFrameworksBuildPhase;
			buildActionMask = 2147483647;
			files = (
				EF67E4B12C123A9400991745 /* SDWebImageSwiftUI in Frameworks */,
				EF9CC0A52C11DC0E00E6C1AB /* FirebaseAuth in Frameworks */,
				EF9CC0A72C11DC0E00E6C1AB /* FirebaseFirestore in Frameworks */,
				EF9CC0A92C11DC0E00E6C1AB /* FirebaseStorage in Frameworks */,
			);
			runOnlyForDeploymentPostprocessing = 0;
		};
/* End PBXFrameworksBuildPhase section */

/* Begin PBXGroup section */
		EF04E5412C147A34003F798A /* Crypto */ = {
			isa = PBXGroup;
			children = (
				EF04E5422C147A5D003F798A /* KeyGenerator.swift */,
				EF04E5442C147A83003F798A /* Cipher.swift */,
			);
			path = Crypto;
			sourceTree = "<group>";
		};
		EF67E4AC2C1232EB00991745 /* Utils */ = {
			isa = PBXGroup;
			children = (
				EF67E4AD2C12330100991745 /* FirebaseManager.swift */,
			);
			path = Utils;
			sourceTree = "<group>";
		};
		EFB3D6B62C11A0EF0030F52E = {
			isa = PBXGroup;
			children = (
				EFB3D6C12C11A0EF0030F52E /* ChatApp */,
				EFB3D6C02C11A0EF0030F52E /* Products */,
			);
			sourceTree = "<group>";
		};
		EFB3D6C02C11A0EF0030F52E /* Products */ = {
			isa = PBXGroup;
			children = (
				EFB3D6BF2C11A0EF0030F52E /* ChatApp.app */,
			);
			name = Products;
			sourceTree = "<group>";
		};
		EFB3D6C12C11A0EF0030F52E /* ChatApp */ = {
			isa = PBXGroup;
			children = (
				EFB3D6C22C11A0EF0030F52E /* ChatAppApp.swift */,
				EF04E5412C147A34003F798A /* Crypto */,
				EFEC30002C12F05300DB8F36 /* Model */,
				EF67E4AC2C1232EB00991745 /* Utils */,
				EFB3D6D52C11B13A0030F52E /* GoogleService-Info.plist */,
				EFCB0D9F2C1452220026E98F /* View */,
				EFCB0D9C2C144D140026E98F /* ViewModel */,
				EFB3D6C62C11A0F20030F52E /* Assets.xcassets */,
				EFB3D6C82C11A0F20030F52E /* Preview Content */,
			);
			path = ChatApp;
			sourceTree = "<group>";
		};
		EFB3D6C82C11A0F20030F52E /* Preview Content */ = {
			isa = PBXGroup;
			children = (
				EFB3D6C92C11A0F20030F52E /* Preview Assets.xcassets */,
			);
			path = "Preview Content";
			sourceTree = "<group>";
		};
		EFCB0D9C2C144D140026E98F /* ViewModel */ = {
			isa = PBXGroup;
			children = (
				EFCB0D9A2C144BB20026E98F /* AuthViewModel.swift */,
				EFCB0D9D2C144D6D0026E98F /* MainMessageViewModel.swift */,
				EFCB0DA02C14529B0026E98F /* NewMessageViewModel.swift */,
				EFCB0DA62C1457B20026E98F /* ChatViewModel.swift */,
			);
			path = ViewModel;
			sourceTree = "<group>";
		};
		EFCB0D9F2C1452220026E98F /* View */ = {
			isa = PBXGroup;
			children = (
				EFB3D6C42C11A0EF0030F52E /* AuthView.swift */,
				EF9CC0AB2C11E63100E6C1AB /* MainScreenView.swift */,
				EFEC30042C12F29700DB8F36 /* NewMessageView.swift */,
				EFEC30072C13080F00DB8F36 /* ChatView.swift */,
			);
			path = View;
			sourceTree = "<group>";
		};
		EFEC30002C12F05300DB8F36 /* Model */ = {
			isa = PBXGroup;
			children = (
				EFEC30012C12F06600DB8F36 /* ChatUser.swift */,
				EFCB0DA22C1457470026E98F /* FirebaseConstants.swift */,
				EFCB0DA42C1457940026E98F /* ChatMessage.swift */,
				EFEC30092C13754600DB8F36 /* LastMessage.swift */,
			);
			path = Model;
			sourceTree = "<group>";
		};
/* End PBXGroup section */

/* Begin PBXNativeTarget section */
		EFB3D6BE2C11A0EF0030F52E /* ChatApp */ = {
			isa = PBXNativeTarget;
			buildConfigurationList = EFB3D6CD2C11A0F20030F52E /* Build configuration list for PBXNativeTarget "ChatApp" */;
			buildPhases = (
				EFB3D6BB2C11A0EF0030F52E /* Sources */,
				EFB3D6BC2C11A0EF0030F52E /* Frameworks */,
				EFB3D6BD2C11A0EF0030F52E /* Resources */,
			);
			buildRules = (
			);
			dependencies = (
			);
			name = ChatApp;
			packageProductDependencies = (
				EF9CC0A42C11DC0E00E6C1AB /* FirebaseAuth */,
				EF9CC0A62C11DC0E00E6C1AB /* FirebaseFirestore */,
				EF9CC0A82C11DC0E00E6C1AB /* FirebaseStorage */,
				EF67E4B02C123A9400991745 /* SDWebImageSwiftUI */,
			);
			productName = ChatApp;
			productReference = EFB3D6BF2C11A0EF0030F52E /* ChatApp.app */;
			productType = "com.apple.product-type.application";
		};
/* End PBXNativeTarget section */

/* Begin PBXProject section */
		EFB3D6B72C11A0EF0030F52E /* Project object */ = {
			isa = PBXProject;
			attributes = {
				BuildIndependentTargetsInParallel = 1;
				LastSwiftUpdateCheck = 1540;
				LastUpgradeCheck = 1540;
				TargetAttributes = {
					EFB3D6BE2C11A0EF0030F52E = {
						CreatedOnToolsVersion = 15.4;
					};
				};
			};
			buildConfigurationList = EFB3D6BA2C11A0EF0030F52E /* Build configuration list for PBXProject "ChatApp" */;
			compatibilityVersion = "Xcode 14.0";
			developmentRegion = en;
			hasScannedForEncodings = 0;
			knownRegions = (
				en,
				Base,
			);
			mainGroup = EFB3D6B62C11A0EF0030F52E;
			packageReferences = (
				EF9CC0A32C11DC0E00E6C1AB /* XCRemoteSwiftPackageReference "firebase-ios-sdk" */,
				EF67E4AF2C123A9300991745 /* XCRemoteSwiftPackageReference "SDWebImageSwiftUI" */,
			);
			productRefGroup = EFB3D6C02C11A0EF0030F52E /* Products */;
			projectDirPath = "";
			projectRoot = "";
			targets = (
				EFB3D6BE2C11A0EF0030F52E /* ChatApp */,
			);
		};
/* End PBXProject section */

/* Begin PBXResourcesBuildPhase section */
		EFB3D6BD2C11A0EF0030F52E /* Resources */ = {
			isa = PBXResourcesBuildPhase;
			buildActionMask = 2147483647;
			files = (
				EFB3D6CA2C11A0F20030F52E /* Preview Assets.xcassets in Resources */,
				EFB3D6C72C11A0F20030F52E /* Assets.xcassets in Resources */,
				EFB3D6D62C11B13B0030F52E /* GoogleService-Info.plist in Resources */,
			);
			runOnlyForDeploymentPostprocessing = 0;
		};
/* End PBXResourcesBuildPhase section */

/* Begin PBXSourcesBuildPhase section */
		EFB3D6BB2C11A0EF0030F52E /* Sources */ = {
			isa = PBXSourcesBuildPhase;
			buildActionMask = 2147483647;
			files = (
				EF67E4AE2C12330100991745 /* FirebaseManager.swift in Sources */,
				EFCB0DA12C14529B0026E98F /* NewMessageViewModel.swift in Sources */,
				EF04E5452C147A83003F798A /* Cipher.swift in Sources */,
				EFCB0DA52C1457940026E98F /* ChatMessage.swift in Sources */,
				EFB3D6C52C11A0EF0030F52E /* AuthView.swift in Sources */,
				EF9CC0AC2C11E63100E6C1AB /* MainScreenView.swift in Sources */,
				EFB3D6C32C11A0EF0030F52E /* ChatAppApp.swift in Sources */,
				EFEC300A2C13754600DB8F36 /* LastMessage.swift in Sources */,
				EFCB0D9B2C144BB20026E98F /* AuthViewModel.swift in Sources */,
				EFEC30082C13080F00DB8F36 /* ChatView.swift in Sources */,
				EFCB0DA32C1457480026E98F /* FirebaseConstants.swift in Sources */,
				EFCB0D9E2C144D6D0026E98F /* MainMessageViewModel.swift in Sources */,
				EFCB0DA72C1457B20026E98F /* ChatViewModel.swift in Sources */,
				EF04E5432C147A5D003F798A /* KeyGenerator.swift in Sources */,
				EFEC30052C12F29700DB8F36 /* NewMessageView.swift in Sources */,
				EFEC30022C12F06600DB8F36 /* ChatUser.swift in Sources */,
			);
			runOnlyForDeploymentPostprocessing = 0;
		};
/* End PBXSourcesBuildPhase section */

/* Begin XCBuildConfiguration section */
		EFB3D6CB2C11A0F20030F52E /* Debug */ = {
			isa = XCBuildConfiguration;
			buildSettings = {
				ALWAYS_SEARCH_USER_PATHS = NO;
				ASSETCATALOG_COMPILER_GENERATE_SWIFT_ASSET_SYMBOL_EXTENSIONS = YES;
				CLANG_ANALYZER_NONNULL = YES;
				CLANG_ANALYZER_NUMBER_OBJECT_CONVERSION = YES_AGGRESSIVE;
				CLANG_CXX_LANGUAGE_STANDARD = "gnu++20";
				CLANG_ENABLE_MODULES = YES;
				CLANG_ENABLE_OBJC_ARC = YES;
				CLANG_ENABLE_OBJC_WEAK = YES;
				CLANG_WARN_BLOCK_CAPTURE_AUTORELEASING = YES;
				CLANG_WARN_BOOL_CONVERSION = YES;
				CLANG_WARN_COMMA = YES;
				CLANG_WARN_CONSTANT_CONVERSION = YES;
				CLANG_WARN_DEPRECATED_OBJC_IMPLEMENTATIONS = YES;
				CLANG_WARN_DIRECT_OBJC_ISA_USAGE = YES_ERROR;
				CLANG_WARN_DOCUMENTATION_COMMENTS = YES;
				CLANG_WARN_EMPTY_BODY = YES;
				CLANG_WARN_ENUM_CONVERSION = YES;
				CLANG_WARN_INFINITE_RECURSION = YES;
				CLANG_WARN_INT_CONVERSION = YES;
				CLANG_WARN_NON_LITERAL_NULL_CONVERSION = YES;
				CLANG_WARN_OBJC_IMPLICIT_RETAIN_SELF = YES;
				CLANG_WARN_OBJC_LITERAL_CONVERSION = YES;
				CLANG_WARN_OBJC_ROOT_CLASS = YES_ERROR;
				CLANG_WARN_QUOTED_INCLUDE_IN_FRAMEWORK_HEADER = YES;
				CLANG_WARN_RANGE_LOOP_ANALYSIS = YES;
				CLANG_WARN_STRICT_PROTOTYPES = YES;
				CLANG_WARN_SUSPICIOUS_MOVE = YES;
				CLANG_WARN_UNGUARDED_AVAILABILITY = YES_AGGRESSIVE;
				CLANG_WARN_UNREACHABLE_CODE = YES;
				CLANG_WARN__DUPLICATE_METHOD_MATCH = YES;
				COPY_PHASE_STRIP = NO;
				DEBUG_INFORMATION_FORMAT = dwarf;
				ENABLE_STRICT_OBJC_MSGSEND = YES;
				ENABLE_TESTABILITY = YES;
				ENABLE_USER_SCRIPT_SANDBOXING = YES;
				GCC_C_LANGUAGE_STANDARD = gnu17;
				GCC_DYNAMIC_NO_PIC = NO;
				GCC_NO_COMMON_BLOCKS = YES;
				GCC_OPTIMIZATION_LEVEL = 0;
				GCC_PREPROCESSOR_DEFINITIONS = (
					"DEBUG=1",
					"$(inherited)",
				);
				GCC_WARN_64_TO_32_BIT_CONVERSION = YES;
				GCC_WARN_ABOUT_RETURN_TYPE = YES_ERROR;
				GCC_WARN_UNDECLARED_SELECTOR = YES;
				GCC_WARN_UNINITIALIZED_AUTOS = YES_AGGRESSIVE;
				GCC_WARN_UNUSED_FUNCTION = YES;
				GCC_WARN_UNUSED_VARIABLE = YES;
				IPHONEOS_DEPLOYMENT_TARGET = 16.0;
				LOCALIZATION_PREFERS_STRING_CATALOGS = YES;
				MTL_ENABLE_DEBUG_INFO = INCLUDE_SOURCE;
				MTL_FAST_MATH = YES;
				ONLY_ACTIVE_ARCH = YES;
				SDKROOT = iphoneos;
				SWIFT_ACTIVE_COMPILATION_CONDITIONS = "DEBUG $(inherited)";
				SWIFT_OPTIMIZATION_LEVEL = "-Onone";
			};
			name = Debug;
		};
		EFB3D6CC2C11A0F20030F52E /* Release */ = {
			isa = XCBuildConfiguration;
			buildSettings = {
				ALWAYS_SEARCH_USER_PATHS = NO;
				ASSETCATALOG_COMPILER_GENERATE_SWIFT_ASSET_SYMBOL_EXTENSIONS = YES;
				CLANG_ANALYZER_NONNULL = YES;
				CLANG_ANALYZER_NUMBER_OBJECT_CONVERSION = YES_AGGRESSIVE;
				CLANG_CXX_LANGUAGE_STANDARD = "gnu++20";
				CLANG_ENABLE_MODULES = YES;
				CLANG_ENABLE_OBJC_ARC = YES;
				CLANG_ENABLE_OBJC_WEAK = YES;
				CLANG_WARN_BLOCK_CAPTURE_AUTORELEASING = YES;
				CLANG_WARN_BOOL_CONVERSION = YES;
				CLANG_WARN_COMMA = YES;
				CLANG_WARN_CONSTANT_CONVERSION = YES;
				CLANG_WARN_DEPRECATED_OBJC_IMPLEMENTATIONS = YES;
				CLANG_WARN_DIRECT_OBJC_ISA_USAGE = YES_ERROR;
				CLANG_WARN_DOCUMENTATION_COMMENTS = YES;
				CLANG_WARN_EMPTY_BODY = YES;
				CLANG_WARN_ENUM_CONVERSION = YES;
				CLANG_WARN_INFINITE_RECURSION = YES;
				CLANG_WARN_INT_CONVERSION = YES;
				CLANG_WARN_NON_LITERAL_NULL_CONVERSION = YES;
				CLANG_WARN_OBJC_IMPLICIT_RETAIN_SELF = YES;
				CLANG_WARN_OBJC_LITERAL_CONVERSION = YES;
				CLANG_WARN_OBJC_ROOT_CLASS = YES_ERROR;
				CLANG_WARN_QUOTED_INCLUDE_IN_FRAMEWORK_HEADER = YES;
				CLANG_WARN_RANGE_LOOP_ANALYSIS = YES;
				CLANG_WARN_STRICT_PROTOTYPES = YES;
				CLANG_WARN_SUSPICIOUS_MOVE = YES;
				CLANG_WARN_UNGUARDED_AVAILABILITY = YES_AGGRESSIVE;
				CLANG_WARN_UNREACHABLE_CODE = YES;
				CLANG_WARN__DUPLICATE_METHOD_MATCH = YES;
				COPY_PHASE_STRIP = NO;
				DEBUG_INFORMATION_FORMAT = "dwarf-with-dsym";
				ENABLE_NS_ASSERTIONS = NO;
				ENABLE_STRICT_OBJC_MSGSEND = YES;
				ENABLE_USER_SCRIPT_SANDBOXING = YES;
				GCC_C_LANGUAGE_STANDARD = gnu17;
				GCC_NO_COMMON_BLOCKS = YES;
				GCC_WARN_64_TO_32_BIT_CONVERSION = YES;
				GCC_WARN_ABOUT_RETURN_TYPE = YES_ERROR;
				GCC_WARN_UNDECLARED_SELECTOR = YES;
				GCC_WARN_UNINITIALIZED_AUTOS = YES_AGGRESSIVE;
				GCC_WARN_UNUSED_FUNCTION = YES;
				GCC_WARN_UNUSED_VARIABLE = YES;
				IPHONEOS_DEPLOYMENT_TARGET = 16.0;
				LOCALIZATION_PREFERS_STRING_CATALOGS = YES;
				MTL_ENABLE_DEBUG_INFO = NO;
				MTL_FAST_MATH = YES;
				SDKROOT = iphoneos;
				SWIFT_COMPILATION_MODE = wholemodule;
				VALIDATE_PRODUCT = YES;
			};
			name = Release;
		};
		EFB3D6CE2C11A0F20030F52E /* Debug */ = {
			isa = XCBuildConfiguration;
			buildSettings = {
				ASSETCATALOG_COMPILER_APPICON_NAME = AppIcon;
				ASSETCATALOG_COMPILER_GLOBAL_ACCENT_COLOR_NAME = AccentColor;
				CODE_SIGN_STYLE = Automatic;
				CURRENT_PROJECT_VERSION = 1;
				DEVELOPMENT_ASSET_PATHS = "\"ChatApp/Preview Content\"";
				DEVELOPMENT_TEAM = PTUV92B36L;
				ENABLE_PREVIEWS = YES;
				GENERATE_INFOPLIST_FILE = YES;
				INFOPLIST_KEY_UIApplicationSceneManifest_Generation = YES;
				INFOPLIST_KEY_UIApplicationSupportsIndirectInputEvents = YES;
				INFOPLIST_KEY_UILaunchScreen_Generation = YES;
				INFOPLIST_KEY_UIStatusBarStyle = UIStatusBarStyleDarkContent;
				INFOPLIST_KEY_UISupportedInterfaceOrientations_iPad = "UIInterfaceOrientationPortrait UIInterfaceOrientationPortraitUpsideDown UIInterfaceOrientationLandscapeLeft UIInterfaceOrientationLandscapeRight";
				INFOPLIST_KEY_UISupportedInterfaceOrientations_iPhone = "UIInterfaceOrientationPortrait UIInterfaceOrientationLandscapeLeft UIInterfaceOrientationLandscapeRight";
				LD_RUNPATH_SEARCH_PATHS = (
					"$(inherited)",
					"@executable_path/Frameworks",
				);
				MARKETING_VERSION = 1.0;
				PRODUCT_BUNDLE_IDENTIFIER = com.swissmer.ChatApp;
				PRODUCT_NAME = "$(TARGET_NAME)";
				SWIFT_EMIT_LOC_STRINGS = YES;
				SWIFT_VERSION = 5.0;
				TARGETED_DEVICE_FAMILY = "1,2";
			};
			name = Debug;
		};
		EFB3D6CF2C11A0F20030F52E /* Release */ = {
			isa = XCBuildConfiguration;
			buildSettings = {
				ASSETCATALOG_COMPILER_APPICON_NAME = AppIcon;
				ASSETCATALOG_COMPILER_GLOBAL_ACCENT_COLOR_NAME = AccentColor;
				CODE_SIGN_STYLE = Automatic;
				CURRENT_PROJECT_VERSION = 1;
				DEVELOPMENT_ASSET_PATHS = "\"ChatApp/Preview Content\"";
				DEVELOPMENT_TEAM = PTUV92B36L;
				ENABLE_PREVIEWS = YES;
				GENERATE_INFOPLIST_FILE = YES;
				INFOPLIST_KEY_UIApplicationSceneManifest_Generation = YES;
				INFOPLIST_KEY_UIApplicationSupportsIndirectInputEvents = YES;
				INFOPLIST_KEY_UILaunchScreen_Generation = YES;
				INFOPLIST_KEY_UIStatusBarStyle = UIStatusBarStyleDarkContent;
				INFOPLIST_KEY_UISupportedInterfaceOrientations_iPad = "UIInterfaceOrientationPortrait UIInterfaceOrientationPortraitUpsideDown UIInterfaceOrientationLandscapeLeft UIInterfaceOrientationLandscapeRight";
				INFOPLIST_KEY_UISupportedInterfaceOrientations_iPhone = "UIInterfaceOrientationPortrait UIInterfaceOrientationLandscapeLeft UIInterfaceOrientationLandscapeRight";
				LD_RUNPATH_SEARCH_PATHS = (
					"$(inherited)",
					"@executable_path/Frameworks",
				);
				MARKETING_VERSION = 1.0;
				PRODUCT_BUNDLE_IDENTIFIER = com.swissmer.ChatApp;
				PRODUCT_NAME = "$(TARGET_NAME)";
				SWIFT_EMIT_LOC_STRINGS = YES;
				SWIFT_VERSION = 5.0;
				TARGETED_DEVICE_FAMILY = "1,2";
			};
			name = Release;
		};
/* End XCBuildConfiguration section */

/* Begin XCConfigurationList section */
		EFB3D6BA2C11A0EF0030F52E /* Build configuration list for PBXProject "ChatApp" */ = {
			isa = XCConfigurationList;
			buildConfigurations = (
				EFB3D6CB2C11A0F20030F52E /* Debug */,
				EFB3D6CC2C11A0F20030F52E /* Release */,
			);
			defaultConfigurationIsVisible = 0;
			defaultConfigurationName = Release;
		};
		EFB3D6CD2C11A0F20030F52E /* Build configuration list for PBXNativeTarget "ChatApp" */ = {
			isa = XCConfigurationList;
			buildConfigurations = (
				EFB3D6CE2C11A0F20030F52E /* Debug */,
				EFB3D6CF2C11A0F20030F52E /* Release */,
			);
			defaultConfigurationIsVisible = 0;
			defaultConfigurationName = Release;
		};
/* End XCConfigurationList section */

/* Begin XCRemoteSwiftPackageReference section */
		EF67E4AF2C123A9300991745 /* XCRemoteSwiftPackageReference "SDWebImageSwiftUI" */ = {
			isa = XCRemoteSwiftPackageReference;
			repositoryURL = "https://github.com/SDWebImage/SDWebImageSwiftUI.git";
			requirement = {
				kind = upToNextMajorVersion;
				minimumVersion = 3.0.4;
			};
		};
		EF9CC0A32C11DC0E00E6C1AB /* XCRemoteSwiftPackageReference "firebase-ios-sdk" */ = {
			isa = XCRemoteSwiftPackageReference;
			repositoryURL = "https://github.com/firebase/firebase-ios-sdk";
			requirement = {
				kind = upToNextMajorVersion;
				minimumVersion = 10.27.0;
			};
		};
/* End XCRemoteSwiftPackageReference section */

/* Begin XCSwiftPackageProductDependency section */
		EF67E4B02C123A9400991745 /* SDWebImageSwiftUI */ = {
			isa = XCSwiftPackageProductDependency;
			package = EF67E4AF2C123A9300991745 /* XCRemoteSwiftPackageReference "SDWebImageSwiftUI" */;
			productName = SDWebImageSwiftUI;
		};
		EF9CC0A42C11DC0E00E6C1AB /* FirebaseAuth */ = {
			isa = XCSwiftPackageProductDependency;
			package = EF9CC0A32C11DC0E00E6C1AB /* XCRemoteSwiftPackageReference "firebase-ios-sdk" */;
			productName = FirebaseAuth;
		};
		EF9CC0A62C11DC0E00E6C1AB /* FirebaseFirestore */ = {
			isa = XCSwiftPackageProductDependency;
			package = EF9CC0A32C11DC0E00E6C1AB /* XCRemoteSwiftPackageReference "firebase-ios-sdk" */;
			productName = FirebaseFirestore;
		};
		EF9CC0A82C11DC0E00E6C1AB /* FirebaseStorage */ = {
			isa = XCSwiftPackageProductDependency;
			package = EF9CC0A32C11DC0E00E6C1AB /* XCRemoteSwiftPackageReference "firebase-ios-sdk" */;
			productName = FirebaseStorage;
		};
/* End XCSwiftPackageProductDependency section */
	};
	rootObject = EFB3D6B72C11A0EF0030F52E /* Project object */;
}
